{
  "name": "fauna-resources",
  "version": "1.0.0",
  "lockfileVersion": 2,
  "requires": true,
  "packages": {
    "": {
      "name": "fauna-resources",
      "version": "1.0.0",
      "dependencies": {
        "fauna": "^1.0.0"
      }
    },
    "node_modules/fauna": {
      "version": "1.0.1",
      "resolved": "https://registry.npmjs.org/fauna/-/fauna-1.0.1.tgz",
      "integrity": "sha512-0jAjqDHQ4Df9Gee4vhKehhccpOIyShuT25hHCU4lkIFrMsVXZ68pFxUDBqh8GcCPQznSt0dMsEpw6ZPlzKKtCA=="
    }
  },
  "dependencies": {
    "fauna": {
      "version": "1.0.1",
      "resolved": "https://registry.npmjs.org/fauna/-/fauna-1.0.1.tgz",
      "integrity": "sha512-0jAjqDHQ4Df9Gee4vhKehhccpOIyShuT25hHCU4lkIFrMsVXZ68pFxUDBqh8GcCPQznSt0dMsEpw6ZPlzKKtCA=="
    }
  }
}
