{
  "name": "fauna-resources",
  "version": "1.0.0",
  "lockfileVersion": 2,
  "requires": true,
  "packages": {
    "": {
      "name": "fauna-resources",
      "version": "1.0.0",
      "license": "MIT",
      "dependencies": {
        "fauna": "^0.5.7"
      }
    },
    "node_modules/fauna": {
      "version": "0.5.7",
      "resolved": "https://registry.npmjs.org/fauna/-/fauna-0.5.7.tgz",
      "integrity": "sha512-grVWQg+PollBowQF1xpjiet+ozDQREuWIPhJimQu7IBE78QZV25Yi17+hh7Y9cjdLFy/f//Z+4EyTHYF+i4b3Q=="
    }
  },
  "dependencies": {
    "fauna": {
      "version": "0.5.7",
      "resolved": "https://registry.npmjs.org/fauna/-/fauna-0.5.7.tgz",
      "integrity": "sha512-grVWQg+PollBowQF1xpjiet+ozDQREuWIPhJimQu7IBE78QZV25Yi17+hh7Y9cjdLFy/f//Z+4EyTHYF+i4b3Q=="
    }
  }
}
